
Microsoft Visual Studio Solution File, Format Version 12.00
# Visual Studio Version 16
VisualStudioVersion = 16.0.31019.35
MinimumVisualStudioVersion = 10.0.40219.1
Project("{9A19103F-16F7-4668-BE54-9A1E7A4F7556}") = "Sapfi.Api", "Sapfi.Api\Sapfi.Api.csproj", "{75C86682-9760-477F-A5FE-7EE09F207044}"
EndProject
Project("{2150E333-8FDC-42A3-9474-1A3956D46DE8}") = "src", "src", "{BF4A8159-2C25-4FED-9C07-4C1A8DEF70E9}"
EndProject
Project("{2150E333-8FDC-42A3-9474-1A3956D46DE8}") = "tests", "tests", "{1B254D48-7330-431D-BA16-2BE32309D2AD}"
	ProjectSection(SolutionItems) = preProject
		Sapfi.Api\V1\Services\NotificationService.cs = Sapfi.Api\V1\Services\NotificationService.cs
	EndProjectSection
EndProject
Project("{9A19103F-16F7-4668-BE54-9A1E7A4F7556}") = "Sapfi.Api.ApiTests", "Sapfi.Api.ApiTests\Sapfi.Api.ApiTests.csproj", "{41DF201E-5D3D-4F4D-B85C-4D9453A307F4}"
EndProject
Project("{9A19103F-16F7-4668-BE54-9A1E7A4F7556}") = "Sapfi.Api.UnitTests", "Sapfi.Api.UnitTests\Sapfi.Api.UnitTests.csproj", "{DD072193-1884-4B3F-8B51-2E5CCED62675}"
EndProject
Project("{2150E333-8FDC-42A3-9474-1A3956D46DE8}") = "scripts", "scripts", "{298D3722-CAAA-43A8-9C1B-0201961E2331}"
	ProjectSection(SolutionItems) = preProject
		for_tests.sql = for_tests.sql
		..\scripts\sapfi_postgresql.sql = ..\scripts\sapfi_postgresql.sql
	EndProjectSection
EndProject
Global
	GlobalSection(SolutionConfigurationPlatforms) = preSolution
		Debug|Any CPU = Debug|Any CPU
		Release|Any CPU = Release|Any CPU
	EndGlobalSection
	GlobalSection(ProjectConfigurationPlatforms) = postSolution
		{75C86682-9760-477F-A5FE-7EE09F207044}.Debug|Any CPU.ActiveCfg = Debug|Any CPU
		{75C86682-9760-477F-A5FE-7EE09F207044}.Debug|Any CPU.Build.0 = Debug|Any CPU
		{75C86682-9760-477F-A5FE-7EE09F207044}.Release|Any CPU.ActiveCfg = Release|Any CPU
		{75C86682-9760-477F-A5FE-7EE09F207044}.Release|Any CPU.Build.0 = Release|Any CPU
		{41DF201E-5D3D-4F4D-B85C-4D9453A307F4}.Debug|Any CPU.ActiveCfg = Debug|Any CPU
		{41DF201E-5D3D-4F4D-B85C-4D9453A307F4}.Debug|Any CPU.Build.0 = Debug|Any CPU
		{41DF201E-5D3D-4F4D-B85C-4D9453A307F4}.Release|Any CPU.ActiveCfg = Release|Any CPU
		{41DF201E-5D3D-4F4D-B85C-4D9453A307F4}.Release|Any CPU.Build.0 = Release|Any CPU
		{DD072193-1884-4B3F-8B51-2E5CCED62675}.Debug|Any CPU.ActiveCfg = Debug|Any CPU
		{DD072193-1884-4B3F-8B51-2E5CCED62675}.Debug|Any CPU.Build.0 = Debug|Any CPU
		{DD072193-1884-4B3F-8B51-2E5CCED62675}.Release|Any CPU.ActiveCfg = Release|Any CPU
		{DD072193-1884-4B3F-8B51-2E5CCED62675}.Release|Any CPU.Build.0 = Release|Any CPU
	EndGlobalSection
	GlobalSection(SolutionProperties) = preSolution
		HideSolutionNode = FALSE
	EndGlobalSection
	GlobalSection(NestedProjects) = preSolution
		{75C86682-9760-477F-A5FE-7EE09F207044} = {BF4A8159-2C25-4FED-9C07-4C1A8DEF70E9}
		{41DF201E-5D3D-4F4D-B85C-4D9453A307F4} = {1B254D48-7330-431D-BA16-2BE32309D2AD}
		{DD072193-1884-4B3F-8B51-2E5CCED62675} = {1B254D48-7330-431D-BA16-2BE32309D2AD}
	EndGlobalSection
	GlobalSection(ExtensibilityGlobals) = postSolution
		SolutionGuid = {D741FE77-2DBE-4CC5-9EA8-E7D5EF73D876}
	EndGlobalSection
EndGlobal
